
Microsoft Visual Studio Solution File, Format Version 12.00
# Visual Studio 15
VisualStudioVersion = 15.0.28307.421
MinimumVisualStudioVersion = 10.0.40219.1
Project("{FAE04EC0-301F-11D3-BF4B-00C04F79EFBC}") = "WinFormsCalc", "WinFormsCalc\WinFormsCalc.csproj", "{C0EA59E5-31E9-4727-8FE5-713BBC44B9ED}"
EndProject
Global
	GlobalSection(SolutionConfigurationPlatforms) = preSolution
		Debug|Any CPU = Debug|Any CPU
		Release|Any CPU = Release|Any CPU
	EndGlobalSection
	GlobalSection(ProjectConfigurationPlatforms) = postSolution
		{C0EA59E5-31E9-4727-8FE5-713BBC44B9ED}.Debug|Any CPU.ActiveCfg = Debug|Any CPU
		{C0EA59E5-31E9-4727-8FE5-713BBC44B9ED}.Debug|Any CPU.Build.0 = Debug|Any CPU
		{C0EA59E5-31E9-4727-8FE5-713BBC44B9ED}.Release|Any CPU.ActiveCfg = Release|Any CPU
		{C0EA59E5-31E9-4727-8FE5-713BBC44B9ED}.Release|Any CPU.Build.0 = Release|Any CPU
	EndGlobalSection
	GlobalSection(SolutionProperties) = preSolution
		HideSolutionNode = FALSE
	EndGlobalSection
	GlobalSection(ExtensibilityGlobals) = postSolution
		SolutionGuid = {3ABFEB1A-BD7D-487B-8D86-018B7CDD1F40}
	EndGlobalSection
EndGlobal
